// !$*UTF8*$!
{
	archiveVersion = 1;
	classes = {
	};
	objectVersion = 48;
	objects = {

/* Begin PBXBuildFile section */
		F46978EF1F7BD24000E327C7 /* AppDelegate.swift in Sources */ = {isa = PBXBuildFile; fileRef = F46978EE1F7BD24000E327C7 /* AppDelegate.swift */; };
		F46978F11F7BD24000E327C7 /* ViewController.swift in Sources */ = {isa = PBXBuildFile; fileRef = F46978F01F7BD24000E327C7 /* ViewController.swift */; };
		F46978F41F7BD24000E327C7 /* Main.storyboard in Resources */ = {isa = PBXBuildFile; fileRef = F46978F21F7BD24000E327C7 /* Main.storyboard */; };
		F46978F61F7BD24000E327C7 /* Assets.xcassets in Resources */ = {isa = PBXBuildFile; fileRef = F46978F51F7BD24000E327C7 /* Assets.xcassets */; };
		F46978F91F7BD24000E327C7 /* LaunchScreen.storyboard in Resources */ = {isa = PBXBuildFile; fileRef = F46978F71F7BD24000E327C7 /* LaunchScreen.storyboard */; };
		F46979041F7BD24000E327C7 /* AlloMiamMiamTests.swift in Sources */ = {isa = PBXBuildFile; fileRef = F46979031F7BD24000E327C7 /* AlloMiamMiamTests.swift */; };
		F469790F1F7BD24000E327C7 /* AlloMiamMiamUITests.swift in Sources */ = {isa = PBXBuildFile; fileRef = F469790E1F7BD24000E327C7 /* AlloMiamMiamUITests.swift */; };
		F469791D1F7BD58700E327C7 /* CategoryTableViewController.swift in Sources */ = {isa = PBXBuildFile; fileRef = F469791C1F7BD58700E327C7 /* CategoryTableViewController.swift */; };
		F469791F1F7BD59800E327C7 /* MenuTableViewController.swift in Sources */ = {isa = PBXBuildFile; fileRef = F469791E1F7BD59800E327C7 /* MenuTableViewController.swift */; };
		F46979211F7BD5A700E327C7 /* OrderTableViewController.swift in Sources */ = {isa = PBXBuildFile; fileRef = F46979201F7BD5A700E327C7 /* OrderTableViewController.swift */; };
		F46979231F7BD6C300E327C7 /* MenuItemDetailViewController.swift in Sources */ = {isa = PBXBuildFile; fileRef = F46979221F7BD6C300E327C7 /* MenuItemDetailViewController.swift */; };
		F46979251F7BD7CA00E327C7 /* MenuItem.swift in Sources */ = {isa = PBXBuildFile; fileRef = F46979241F7BD7CA00E327C7 /* MenuItem.swift */; };
/* End PBXBuildFile section */

/* Begin PBXContainerItemProxy section */
		F46979001F7BD24000E327C7 /* PBXContainerItemProxy */ = {
			isa = PBXContainerItemProxy;
			containerPortal = F46978E31F7BD24000E327C7 /* Project object */;
			proxyType = 1;
			remoteGlobalIDString = F46978EA1F7BD24000E327C7;
			remoteInfo = AlloMiamMiam;
		};
		F469790B1F7BD24000E327C7 /* PBXContainerItemProxy */ = {
			isa = PBXContainerItemProxy;
			containerPortal = F46978E31F7BD24000E327C7 /* Project object */;
			proxyType = 1;
			remoteGlobalIDString = F46978EA1F7BD24000E327C7;
			remoteInfo = AlloMiamMiam;
		};
/* End PBXContainerItemProxy section */

/* Begin PBXFileReference section */
		F46978EB1F7BD24000E327C7 /* AlloMiamMiam.app */ = {isa = PBXFileReference; explicitFileType = wrapper.application; includeInIndex = 0; path = AlloMiamMiam.app; sourceTree = BUILT_PRODUCTS_DIR; };
		F46978EE1F7BD24000E327C7 /* AppDelegate.swift */ = {isa = PBXFileReference; lastKnownFileType = sourcecode.swift; path = AppDelegate.swift; sourceTree = "<group>"; };
		F46978F01F7BD24000E327C7 /* ViewController.swift */ = {isa = PBXFileReference; lastKnownFileType = sourcecode.swift; path = ViewController.swift; sourceTree = "<group>"; };
		F46978F31F7BD24000E327C7 /* Base */ = {isa = PBXFileReference; lastKnownFileType = file.storyboard; name = Base; path = Base.lproj/Main.storyboard; sourceTree = "<group>"; };
		F46978F51F7BD24000E327C7 /* Assets.xcassets */ = {isa = PBXFileReference; lastKnownFileType = folder.assetcatalog; path = Assets.xcassets; sourceTree = "<group>"; };
		F46978F81F7BD24000E327C7 /* Base */ = {isa = PBXFileReference; lastKnownFileType = file.storyboard; name = Base; path = Base.lproj/LaunchScreen.storyboard; sourceTree = "<group>"; };
		F46978FA1F7BD24000E327C7 /* Info.plist */ = {isa = PBXFileReference; lastKnownFileType = text.plist.xml; path = Info.plist; sourceTree = "<group>"; };
		F46978FF1F7BD24000E327C7 /* AlloMiamMiamTests.xctest */ = {isa = PBXFileReference; explicitFileType = wrapper.cfbundle; includeInIndex = 0; path = AlloMiamMiamTests.xctest; sourceTree = BUILT_PRODUCTS_DIR; };
		F46979031F7BD24000E327C7 /* AlloMiamMiamTests.swift */ = {isa = PBXFileReference; lastKnownFileType = sourcecode.swift; path = AlloMiamMiamTests.swift; sourceTree = "<group>"; };
		F46979051F7BD24000E327C7 /* Info.plist */ = {isa = PBXFileReference; lastKnownFileType = text.plist.xml; path = Info.plist; sourceTree = "<group>"; };
		F469790A1F7BD24000E327C7 /* AlloMiamMiamUITests.xctest */ = {isa = PBXFileReference; explicitFileType = wrapper.cfbundle; includeInIndex = 0; path = AlloMiamMiamUITests.xctest; sourceTree = BUILT_PRODUCTS_DIR; };
		F469790E1F7BD24000E327C7 /* AlloMiamMiamUITests.swift */ = {isa = PBXFileReference; lastKnownFileType = sourcecode.swift; path = AlloMiamMiamUITests.swift; sourceTree = "<group>"; };
		F46979101F7BD24000E327C7 /* Info.plist */ = {isa = PBXFileReference; lastKnownFileType = text.plist.xml; path = Info.plist; sourceTree = "<group>"; };
		F469791C1F7BD58700E327C7 /* CategoryTableViewController.swift */ = {isa = PBXFileReference; lastKnownFileType = sourcecode.swift; path = CategoryTableViewController.swift; sourceTree = "<group>"; };
		F469791E1F7BD59800E327C7 /* MenuTableViewController.swift */ = {isa = PBXFileReference; lastKnownFileType = sourcecode.swift; path = MenuTableViewController.swift; sourceTree = "<group>"; };
		F46979201F7BD5A700E327C7 /* OrderTableViewController.swift */ = {isa = PBXFileReference; lastKnownFileType = sourcecode.swift; path = OrderTableViewController.swift; sourceTree = "<group>"; };
		F46979221F7BD6C300E327C7 /* MenuItemDetailViewController.swift */ = {isa = PBXFileReference; lastKnownFileType = sourcecode.swift; path = MenuItemDetailViewController.swift; sourceTree = "<group>"; };
		F46979241F7BD7CA00E327C7 /* MenuItem.swift */ = {isa = PBXFileReference; lastKnownFileType = sourcecode.swift; path = MenuItem.swift; sourceTree = "<group>"; };
/* End PBXFileReference section */

/* Begin PBXFrameworksBuildPhase section */
		F46978E81F7BD24000E327C7 /* Frameworks */ = {
			isa = PBXFrameworksBuildPhase;
			buildActionMask = 2147483647;
			files = (
			);
			runOnlyForDeploymentPostprocessing = 0;
		};
		F46978FC1F7BD24000E327C7 /* Frameworks */ = {
			isa = PBXFrameworksBuildPhase;
			buildActionMask = 2147483647;
			files = (
			);
			runOnlyForDeploymentPostprocessing = 0;
		};
		F46979071F7BD24000E327C7 /* Frameworks */ = {
			isa = PBXFrameworksBuildPhase;
			buildActionMask = 2147483647;
			files = (
			);
			runOnlyForDeploymentPostprocessing = 0;
		};
/* End PBXFrameworksBuildPhase section */

/* Begin PBXGroup section */
		F46978E21F7BD24000E327C7 = {
			isa = PBXGroup;
			children = (
				F46978ED1F7BD24000E327C7 /* AlloMiamMiam */,
				F46979021F7BD24000E327C7 /* AlloMiamMiamTests */,
				F469790D1F7BD24000E327C7 /* AlloMiamMiamUITests */,
				F46978EC1F7BD24000E327C7 /* Products */,
			);
			sourceTree = "<group>";
		};
		F46978EC1F7BD24000E327C7 /* Products */ = {
			isa = PBXGroup;
			children = (
				F46978EB1F7BD24000E327C7 /* AlloMiamMiam.app */,
				F46978FF1F7BD24000E327C7 /* AlloMiamMiamTests.xctest */,
				F469790A1F7BD24000E327C7 /* AlloMiamMiamUITests.xctest */,
			);
			name = Products;
			sourceTree = "<group>";
		};
		F46978ED1F7BD24000E327C7 /* AlloMiamMiam */ = {
			isa = PBXGroup;
			children = (
				F46978EE1F7BD24000E327C7 /* AppDelegate.swift */,
				F46978F01F7BD24000E327C7 /* ViewController.swift */,
				F46978F21F7BD24000E327C7 /* Main.storyboard */,
				F46979241F7BD7CA00E327C7 /* MenuItem.swift */,
				F46979221F7BD6C300E327C7 /* MenuItemDetailViewController.swift */,
				F469791C1F7BD58700E327C7 /* CategoryTableViewController.swift */,
				F469791E1F7BD59800E327C7 /* MenuTableViewController.swift */,
				F46979201F7BD5A700E327C7 /* OrderTableViewController.swift */,
				F46978F51F7BD24000E327C7 /* Assets.xcassets */,
				F46978F71F7BD24000E327C7 /* LaunchScreen.storyboard */,
				F46978FA1F7BD24000E327C7 /* Info.plist */,
			);
			path = AlloMiamMiam;
			sourceTree = "<group>";
		};
		F46979021F7BD24000E327C7 /* AlloMiamMiamTests */ = {
			isa = PBXGroup;
			children = (
				F46979031F7BD24000E327C7 /* AlloMiamMiamTests.swift */,
				F46979051F7BD24000E327C7 /* Info.plist */,
			);
			path = AlloMiamMiamTests;
			sourceTree = "<group>";
		};
		F469790D1F7BD24000E327C7 /* AlloMiamMiamUITests */ = {
			isa = PBXGroup;
			children = (
				F469790E1F7BD24000E327C7 /* AlloMiamMiamUITests.swift */,
				F46979101F7BD24000E327C7 /* Info.plist */,
			);
			path = AlloMiamMiamUITests;
			sourceTree = "<group>";
		};
/* End PBXGroup section */

/* Begin PBXNativeTarget section */
		F46978EA1F7BD24000E327C7 /* AlloMiamMiam */ = {
			isa = PBXNativeTarget;
			buildConfigurationList = F46979131F7BD24000E327C7 /* Build configuration list for PBXNativeTarget "AlloMiamMiam" */;
			buildPhases = (
				F46978E71F7BD24000E327C7 /* Sources */,
				F46978E81F7BD24000E327C7 /* Frameworks */,
				F46978E91F7BD24000E327C7 /* Resources */,
			);
			buildRules = (
			);
			dependencies = (
			);
			name = AlloMiamMiam;
			productName = AlloMiamMiam;
			productReference = F46978EB1F7BD24000E327C7 /* AlloMiamMiam.app */;
			productType = "com.apple.product-type.application";
		};
		F46978FE1F7BD24000E327C7 /* AlloMiamMiamTests */ = {
			isa = PBXNativeTarget;
			buildConfigurationList = F46979161F7BD24000E327C7 /* Build configuration list for PBXNativeTarget "AlloMiamMiamTests" */;
			buildPhases = (
				F46978FB1F7BD24000E327C7 /* Sources */,
				F46978FC1F7BD24000E327C7 /* Frameworks */,
				F46978FD1F7BD24000E327C7 /* Resources */,
			);
			buildRules = (
			);
			dependencies = (
				F46979011F7BD24000E327C7 /* PBXTargetDependency */,
			);
			name = AlloMiamMiamTests;
			productName = AlloMiamMiamTests;
			productReference = F46978FF1F7BD24000E327C7 /* AlloMiamMiamTests.xctest */;
			productType = "com.apple.product-type.bundle.unit-test";
		};
		F46979091F7BD24000E327C7 /* AlloMiamMiamUITests */ = {
			isa = PBXNativeTarget;
			buildConfigurationList = F46979191F7BD24000E327C7 /* Build configuration list for PBXNativeTarget "AlloMiamMiamUITests" */;
			buildPhases = (
				F46979061F7BD24000E327C7 /* Sources */,
				F46979071F7BD24000E327C7 /* Frameworks */,
				F46979081F7BD24000E327C7 /* Resources */,
			);
			buildRules = (
			);
			dependencies = (
				F469790C1F7BD24000E327C7 /* PBXTargetDependency */,
			);
			name = AlloMiamMiamUITests;
			productName = AlloMiamMiamUITests;
			productReference = F469790A1F7BD24000E327C7 /* AlloMiamMiamUITests.xctest */;
			productType = "com.apple.product-type.bundle.ui-testing";
		};
/* End PBXNativeTarget section */

/* Begin PBXProject section */
		F46978E31F7BD24000E327C7 /* Project object */ = {
			isa = PBXProject;
			attributes = {
				LastSwiftUpdateCheck = 0900;
				LastUpgradeCheck = 0900;
				ORGANIZATIONNAME = "Sélim Chiki";
				TargetAttributes = {
					F46978EA1F7BD24000E327C7 = {
						CreatedOnToolsVersion = 9.0;
						ProvisioningStyle = Automatic;
					};
					F46978FE1F7BD24000E327C7 = {
						CreatedOnToolsVersion = 9.0;
						ProvisioningStyle = Automatic;
						TestTargetID = F46978EA1F7BD24000E327C7;
					};
					F46979091F7BD24000E327C7 = {
						CreatedOnToolsVersion = 9.0;
						ProvisioningStyle = Automatic;
						TestTargetID = F46978EA1F7BD24000E327C7;
					};
				};
			};
			buildConfigurationList = F46978E61F7BD24000E327C7 /* Build configuration list for PBXProject "AlloMiamMiam" */;
			compatibilityVersion = "Xcode 8.0";
			developmentRegion = en;
			hasScannedForEncodings = 0;
			knownRegions = (
				en,
				Base,
			);
			mainGroup = F46978E21F7BD24000E327C7;
			productRefGroup = F46978EC1F7BD24000E327C7 /* Products */;
			projectDirPath = "";
			projectRoot = "";
			targets = (
				F46978EA1F7BD24000E327C7 /* AlloMiamMiam */,
				F46978FE1F7BD24000E327C7 /* AlloMiamMiamTests */,
				F46979091F7BD24000E327C7 /* AlloMiamMiamUITests */,
			);
		};
/* End PBXProject section */

/* Begin PBXResourcesBuildPhase section */
		F46978E91F7BD24000E327C7 /* Resources */ = {
			isa = PBXResourcesBuildPhase;
			buildActionMask = 2147483647;
			files = (
				F46978F91F7BD24000E327C7 /* LaunchScreen.storyboard in Resources */,
				F46978F61F7BD24000E327C7 /* Assets.xcassets in Resources */,
				F46978F41F7BD24000E327C7 /* Main.storyboard in Resources */,
			);
			runOnlyForDeploymentPostprocessing = 0;
		};
		F46978FD1F7BD24000E327C7 /* Resources */ = {
			isa = PBXResourcesBuildPhase;
			buildActionMask = 2147483647;
			files = (
			);
			runOnlyForDeploymentPostprocessing = 0;
		};
		F46979081F7BD24000E327C7 /* Resources */ = {
			isa = PBXResourcesBuildPhase;
			buildActionMask = 2147483647;
			files = (
			);
			runOnlyForDeploymentPostprocessing = 0;
		};
/* End PBXResourcesBuildPhase section */

/* Begin PBXSourcesBuildPhase section */
		F46978E71F7BD24000E327C7 /* Sources */ = {
			isa = PBXSourcesBuildPhase;
			buildActionMask = 2147483647;
			files = (
				F46979251F7BD7CA00E327C7 /* MenuItem.swift in Sources */,
				F469791F1F7BD59800E327C7 /* MenuTableViewController.swift in Sources */,
				F46979231F7BD6C300E327C7 /* MenuItemDetailViewController.swift in Sources */,
				F46979211F7BD5A700E327C7 /* OrderTableViewController.swift in Sources */,
				F46978F11F7BD24000E327C7 /* ViewController.swift in Sources */,
				F46978EF1F7BD24000E327C7 /* AppDelegate.swift in Sources */,
				F469791D1F7BD58700E327C7 /* CategoryTableViewController.swift in Sources */,
			);
			runOnlyForDeploymentPostprocessing = 0;
		};
		F46978FB1F7BD24000E327C7 /* Sources */ = {
			isa = PBXSourcesBuildPhase;
			buildActionMask = 2147483647;
			files = (
				F46979041F7BD24000E327C7 /* AlloMiamMiamTests.swift in Sources */,
			);
			runOnlyForDeploymentPostprocessing = 0;
		};
		F46979061F7BD24000E327C7 /* Sources */ = {
			isa = PBXSourcesBuildPhase;
			buildActionMask = 2147483647;
			files = (
				F469790F1F7BD24000E327C7 /* AlloMiamMiamUITests.swift in Sources */,
			);
			runOnlyForDeploymentPostprocessing = 0;
		};
/* End PBXSourcesBuildPhase section */

/* Begin PBXTargetDependency section */
		F46979011F7BD24000E327C7 /* PBXTargetDependency */ = {
			isa = PBXTargetDependency;
			target = F46978EA1F7BD24000E327C7 /* AlloMiamMiam */;
			targetProxy = F46979001F7BD24000E327C7 /* PBXContainerItemProxy */;
		};
		F469790C1F7BD24000E327C7 /* PBXTargetDependency */ = {
			isa = PBXTargetDependency;
			target = F46978EA1F7BD24000E327C7 /* AlloMiamMiam */;
			targetProxy = F469790B1F7BD24000E327C7 /* PBXContainerItemProxy */;
		};
/* End PBXTargetDependency section */

/* Begin PBXVariantGroup section */
		F46978F21F7BD24000E327C7 /* Main.storyboard */ = {
			isa = PBXVariantGroup;
			children = (
				F46978F31F7BD24000E327C7 /* Base */,
			);
			name = Main.storyboard;
			sourceTree = "<group>";
		};
		F46978F71F7BD24000E327C7 /* LaunchScreen.storyboard */ = {
			isa = PBXVariantGroup;
			children = (
				F46978F81F7BD24000E327C7 /* Base */,
			);
			name = LaunchScreen.storyboard;
			sourceTree = "<group>";
		};
/* End PBXVariantGroup section */

/* Begin XCBuildConfiguration section */
		F46979111F7BD24000E327C7 /* Debug */ = {
			isa = XCBuildConfiguration;
			buildSettings = {
				ALWAYS_SEARCH_USER_PATHS = NO;
				CLANG_ANALYZER_NONNULL = YES;
				CLANG_ANALYZER_NUMBER_OBJECT_CONVERSION = YES_AGGRESSIVE;
				CLANG_CXX_LANGUAGE_STANDARD = "gnu++14";
				CLANG_CXX_LIBRARY = "libc++";
				CLANG_ENABLE_MODULES = YES;
				CLANG_ENABLE_OBJC_ARC = YES;
				CLANG_WARN_BLOCK_CAPTURE_AUTORELEASING = YES;
				CLANG_WARN_BOOL_CONVERSION = YES;
				CLANG_WARN_COMMA = YES;
				CLANG_WARN_CONSTANT_CONVERSION = YES;
				CLANG_WARN_DIRECT_OBJC_ISA_USAGE = YES_ERROR;
				CLANG_WARN_DOCUMENTATION_COMMENTS = YES;
				CLANG_WARN_EMPTY_BODY = YES;
				CLANG_WARN_ENUM_CONVERSION = YES;
				CLANG_WARN_INFINITE_RECURSION = YES;
				CLANG_WARN_INT_CONVERSION = YES;
				CLANG_WARN_NON_LITERAL_NULL_CONVERSION = YES;
				CLANG_WARN_OBJC_LITERAL_CONVERSION = YES;
				CLANG_WARN_OBJC_ROOT_CLASS = YES_ERROR;
				CLANG_WARN_RANGE_LOOP_ANALYSIS = YES;
				CLANG_WARN_STRICT_PROTOTYPES = YES;
				CLANG_WARN_SUSPICIOUS_MOVE = YES;
				CLANG_WARN_UNGUARDED_AVAILABILITY = YES_AGGRESSIVE;
				CLANG_WARN_UNREACHABLE_CODE = YES;
				CLANG_WARN__DUPLICATE_METHOD_MATCH = YES;
				CODE_SIGN_IDENTITY = "iPhone Developer";
				COPY_PHASE_STRIP = NO;
				DEBUG_INFORMATION_FORMAT = dwarf;
				ENABLE_STRICT_OBJC_MSGSEND = YES;
				ENABLE_TESTABILITY = YES;
				GCC_C_LANGUAGE_STANDARD = gnu11;
				GCC_DYNAMIC_NO_PIC = NO;
				GCC_NO_COMMON_BLOCKS = YES;
				GCC_OPTIMIZATION_LEVEL = 0;
				GCC_PREPROCESSOR_DEFINITIONS = (
					"DEBUG=1",
					"$(inherited)",
				);
				GCC_WARN_64_TO_32_BIT_CONVERSION = YES;
				GCC_WARN_ABOUT_RETURN_TYPE = YES_ERROR;
				GCC_WARN_UNDECLARED_SELECTOR = YES;
				GCC_WARN_UNINITIALIZED_AUTOS = YES_AGGRESSIVE;
				GCC_WARN_UNUSED_FUNCTION = YES;
				GCC_WARN_UNUSED_VARIABLE = YES;
				IPHONEOS_DEPLOYMENT_TARGET = 11.0;
				MTL_ENABLE_DEBUG_INFO = YES;
				ONLY_ACTIVE_ARCH = YES;
				SDKROOT = iphoneos;
				SWIFT_ACTIVE_COMPILATION_CONDITIONS = DEBUG;
				SWIFT_OPTIMIZATION_LEVEL = "-Onone";
			};
			name = Debug;
		};
		F46979121F7BD24000E327C7 /* Release */ = {
			isa = XCBuildConfiguration;
			buildSettings = {
				ALWAYS_SEARCH_USER_PATHS = NO;
				CLANG_ANALYZER_NONNULL = YES;
				CLANG_ANALYZER_NUMBER_OBJECT_CONVERSION = YES_AGGRESSIVE;
				CLANG_CXX_LANGUAGE_STANDARD = "gnu++14";
				CLANG_CXX_LIBRARY = "libc++";
				CLANG_ENABLE_MODULES = YES;
				CLANG_ENABLE_OBJC_ARC = YES;
				CLANG_WARN_BLOCK_CAPTURE_AUTORELEASING = YES;
				CLANG_WARN_BOOL_CONVERSION = YES;
				CLANG_WARN_COMMA = YES;
				CLANG_WARN_CONSTANT_CONVERSION = YES;
				CLANG_WARN_DIRECT_OBJC_ISA_USAGE = YES_ERROR;
				CLANG_WARN_DOCUMENTATION_COMMENTS = YES;
				CLANG_WARN_EMPTY_BODY = YES;
				CLANG_WARN_ENUM_CONVERSION = YES;
				CLANG_WARN_INFINITE_RECURSION = YES;
				CLANG_WARN_INT_CONVERSION = YES;
				CLANG_WARN_NON_LITERAL_NULL_CONVERSION = YES;
				CLANG_WARN_OBJC_LITERAL_CONVERSION = YES;
				CLANG_WARN_OBJC_ROOT_CLASS = YES_ERROR;
				CLANG_WARN_RANGE_LOOP_ANALYSIS = YES;
				CLANG_WARN_STRICT_PROTOTYPES = YES;
				CLANG_WARN_SUSPICIOUS_MOVE = YES;
				CLANG_WARN_UNGUARDED_AVAILABILITY = YES_AGGRESSIVE;
				CLANG_WARN_UNREACHABLE_CODE = YES;
				CLANG_WARN__DUPLICATE_METHOD_MATCH = YES;
				CODE_SIGN_IDENTITY = "iPhone Developer";
				COPY_PHASE_STRIP = NO;
				DEBUG_INFORMATION_FORMAT = "dwarf-with-dsym";
				ENABLE_NS_ASSERTIONS = NO;
				ENABLE_STRICT_OBJC_MSGSEND = YES;
				GCC_C_LANGUAGE_STANDARD = gnu11;
				GCC_NO_COMMON_BLOCKS = YES;
				GCC_WARN_64_TO_32_BIT_CONVERSION = YES;
				GCC_WARN_ABOUT_RETURN_TYPE = YES_ERROR;
				GCC_WARN_UNDECLARED_SELECTOR = YES;
				GCC_WARN_UNINITIALIZED_AUTOS = YES_AGGRESSIVE;
				GCC_WARN_UNUSED_FUNCTION = YES;
				GCC_WARN_UNUSED_VARIABLE = YES;
				IPHONEOS_DEPLOYMENT_TARGET = 11.0;
				MTL_ENABLE_DEBUG_INFO = NO;
				SDKROOT = iphoneos;
				SWIFT_OPTIMIZATION_LEVEL = "-Owholemodule";
				VALIDATE_PRODUCT = YES;
			};
			name = Release;
		};
		F46979141F7BD24000E327C7 /* Debug */ = {
			isa = XCBuildConfiguration;
			buildSettings = {
				ASSETCATALOG_COMPILER_APPICON_NAME = AppIcon;
				CODE_SIGN_STYLE = Automatic;
				DEVELOPMENT_TEAM = 84L5AADBG6;
				INFOPLIST_FILE = AlloMiamMiam/Info.plist;
				LD_RUNPATH_SEARCH_PATHS = "$(inherited) @executable_path/Frameworks";
				PRODUCT_BUNDLE_IDENTIFIER = selimchiki.AlloMiamMiam;
				PRODUCT_NAME = "$(TARGET_NAME)";
				SWIFT_VERSION = 4.0;
				TARGETED_DEVICE_FAMILY = "1,2";
			};
			name = Debug;
		};
		F46979151F7BD24000E327C7 /* Release */ = {
			isa = XCBuildConfiguration;
			buildSettings = {
				ASSETCATALOG_COMPILER_APPICON_NAME = AppIcon;
				CODE_SIGN_STYLE = Automatic;
				DEVELOPMENT_TEAM = 84L5AADBG6;
				INFOPLIST_FILE = AlloMiamMiam/Info.plist;
				LD_RUNPATH_SEARCH_PATHS = "$(inherited) @executable_path/Frameworks";
				PRODUCT_BUNDLE_IDENTIFIER = selimchiki.AlloMiamMiam;
				PRODUCT_NAME = "$(TARGET_NAME)";
				SWIFT_VERSION = 4.0;
				TARGETED_DEVICE_FAMILY = "1,2";
			};
			name = Release;
		};
		F46979171F7BD24000E327C7 /* Debug */ = {
			isa = XCBuildConfiguration;
			buildSettings = {
				ALWAYS_EMBED_SWIFT_STANDARD_LIBRARIES = YES;
				BUNDLE_LOADER = "$(TEST_HOST)";
				CODE_SIGN_STYLE = Automatic;
				DEVELOPMENT_TEAM = 84L5AADBG6;
				INFOPLIST_FILE = AlloMiamMiamTests/Info.plist;
				LD_RUNPATH_SEARCH_PATHS = "$(inherited) @executable_path/Frameworks @loader_path/Frameworks";
				PRODUCT_BUNDLE_IDENTIFIER = selimchiki.AlloMiamMiamTests;
				PRODUCT_NAME = "$(TARGET_NAME)";
				SWIFT_VERSION = 4.0;
				TARGETED_DEVICE_FAMILY = "1,2";
				TEST_HOST = "$(BUILT_PRODUCTS_DIR)/AlloMiamMiam.app/AlloMiamMiam";
			};
			name = Debug;
		};
		F46979181F7BD24000E327C7 /* Release */ = {
			isa = XCBuildConfiguration;
			buildSettings = {
				ALWAYS_EMBED_SWIFT_STANDARD_LIBRARIES = YES;
				BUNDLE_LOADER = "$(TEST_HOST)";
				CODE_SIGN_STYLE = Automatic;
				DEVELOPMENT_TEAM = 84L5AADBG6;
				INFOPLIST_FILE = AlloMiamMiamTests/Info.plist;
				LD_RUNPATH_SEARCH_PATHS = "$(inherited) @executable_path/Frameworks @loader_path/Frameworks";
				PRODUCT_BUNDLE_IDENTIFIER = selimchiki.AlloMiamMiamTests;
				PRODUCT_NAME = "$(TARGET_NAME)";
				SWIFT_VERSION = 4.0;
				TARGETED_DEVICE_FAMILY = "1,2";
				TEST_HOST = "$(BUILT_PRODUCTS_DIR)/AlloMiamMiam.app/AlloMiamMiam";
			};
			name = Release;
		};
		F469791A1F7BD24000E327C7 /* Debug */ = {
			isa = XCBuildConfiguration;
			buildSettings = {
				ALWAYS_EMBED_SWIFT_STANDARD_LIBRARIES = YES;
				CODE_SIGN_STYLE = Automatic;
				DEVELOPMENT_TEAM = 84L5AADBG6;
				INFOPLIST_FILE = AlloMiamMiamUITests/Info.plist;
				LD_RUNPATH_SEARCH_PATHS = "$(inherited) @executable_path/Frameworks @loader_path/Frameworks";
				PRODUCT_BUNDLE_IDENTIFIER = selimchiki.AlloMiamMiamUITests;
				PRODUCT_NAME = "$(TARGET_NAME)";
				SWIFT_VERSION = 4.0;
				TARGETED_DEVICE_FAMILY = "1,2";
				TEST_TARGET_NAME = AlloMiamMiam;
			};
			name = Debug;
		};
		F469791B1F7BD24000E327C7 /* Release */ = {
			isa = XCBuildConfiguration;
			buildSettings = {
				ALWAYS_EMBED_SWIFT_STANDARD_LIBRARIES = YES;
				CODE_SIGN_STYLE = Automatic;
				DEVELOPMENT_TEAM = 84L5AADBG6;
				INFOPLIST_FILE = AlloMiamMiamUITests/Info.plist;
				LD_RUNPATH_SEARCH_PATHS = "$(inherited) @executable_path/Frameworks @loader_path/Frameworks";
				PRODUCT_BUNDLE_IDENTIFIER = selimchiki.AlloMiamMiamUITests;
				PRODUCT_NAME = "$(TARGET_NAME)";
				SWIFT_VERSION = 4.0;
				TARGETED_DEVICE_FAMILY = "1,2";
				TEST_TARGET_NAME = AlloMiamMiam;
			};
			name = Release;
		};
/* End XCBuildConfiguration section */

/* Begin XCConfigurationList section */
		F46978E61F7BD24000E327C7 /* Build configuration list for PBXProject "AlloMiamMiam" */ = {
			isa = XCConfigurationList;
			buildConfigurations = (
				F46979111F7BD24000E327C7 /* Debug */,
				F46979121F7BD24000E327C7 /* Release */,
			);
			defaultConfigurationIsVisible = 0;
			defaultConfigurationName = Release;
		};
		F46979131F7BD24000E327C7 /* Build configuration list for PBXNativeTarget "AlloMiamMiam" */ = {
			isa = XCConfigurationList;
			buildConfigurations = (
				F46979141F7BD24000E327C7 /* Debug */,
				F46979151F7BD24000E327C7 /* Release */,
			);
			defaultConfigurationIsVisible = 0;
			defaultConfigurationName = Release;
		};
		F46979161F7BD24000E327C7 /* Build configuration list for PBXNativeTarget "AlloMiamMiamTests" */ = {
			isa = XCConfigurationList;
			buildConfigurations = (
				F46979171F7BD24000E327C7 /* Debug */,
				F46979181F7BD24000E327C7 /* Release */,
			);
			defaultConfigurationIsVisible = 0;
			defaultConfigurationName = Release;
		};
		F46979191F7BD24000E327C7 /* Build configuration list for PBXNativeTarget "AlloMiamMiamUITests" */ = {
			isa = XCConfigurationList;
			buildConfigurations = (
				F469791A1F7BD24000E327C7 /* Debug */,
				F469791B1F7BD24000E327C7 /* Release */,
			);
			defaultConfigurationIsVisible = 0;
			defaultConfigurationName = Release;
		};
/* End XCConfigurationList section */
	};
	rootObject = F46978E31F7BD24000E327C7 /* Project object */;
}
